
Microsoft Visual Studio Solution File, Format Version 12.00
# Visual Studio Version 16
VisualStudioVersion = 16.0.31515.178
MinimumVisualStudioVersion = 10.0.40219.1
Project("{888888A0-9F3D-457C-B088-3A5042F75D52}") = "Strings-and-Dates", "Strings-and-Dates.pyproj", "{98071625-11EE-46D0-B2E9-DFA1C74D9FAC}"
EndProject
Global
	GlobalSection(SolutionConfigurationPlatforms) = preSolution
		Debug|Any CPU = Debug|Any CPU
		Release|Any CPU = Release|Any CPU
	EndGlobalSection
	GlobalSection(ProjectConfigurationPlatforms) = postSolution
		{98071625-11EE-46D0-B2E9-DFA1C74D9FAC}.Debug|Any CPU.ActiveCfg = Debug|Any CPU
		{98071625-11EE-46D0-B2E9-DFA1C74D9FAC}.Release|Any CPU.ActiveCfg = Release|Any CPU
	EndGlobalSection
	GlobalSection(SolutionProperties) = preSolution
		HideSolutionNode = FALSE
	EndGlobalSection
	GlobalSection(ExtensibilityGlobals) = postSolution
		SolutionGuid = {5FBD14AD-75F6-489D-AD06-49F8637C8D58}
	EndGlobalSection
EndGlobal
